
Microsoft Visual Studio Solution File, Format Version 12.00
# Visual Studio Version 17
VisualStudioVersion = 17.11.35327.3
MinimumVisualStudioVersion = 10.0.40219.1
Project("{FAE04EC0-301F-11D3-BF4B-00C04F79EFBC}") = "OtusLinq2Db", "OtusLinq2Db\OtusLinq2Db.csproj", "{9234CC92-70D1-4F9C-AAA0-C63746895CDB}"
EndProject
Project("{FAE04EC0-301F-11D3-BF4B-00C04F79EFBC}") = "Domain", "Domain\Domain.csproj", "{6686896E-5EE8-488C-94BA-380CA7E4AD1F}"
EndProject
Global
	GlobalSection(SolutionConfigurationPlatforms) = preSolution
		Debug|Any CPU = Debug|Any CPU
		Release|Any CPU = Release|Any CPU
	EndGlobalSection
	GlobalSection(ProjectConfigurationPlatforms) = postSolution
		{9234CC92-70D1-4F9C-AAA0-C63746895CDB}.Debug|Any CPU.ActiveCfg = Debug|Any CPU
		{9234CC92-70D1-4F9C-AAA0-C63746895CDB}.Debug|Any CPU.Build.0 = Debug|Any CPU
		{9234CC92-70D1-4F9C-AAA0-C63746895CDB}.Release|Any CPU.ActiveCfg = Release|Any CPU
		{9234CC92-70D1-4F9C-AAA0-C63746895CDB}.Release|Any CPU.Build.0 = Release|Any CPU
		{6686896E-5EE8-488C-94BA-380CA7E4AD1F}.Debug|Any CPU.ActiveCfg = Debug|Any CPU
		{6686896E-5EE8-488C-94BA-380CA7E4AD1F}.Debug|Any CPU.Build.0 = Debug|Any CPU
		{6686896E-5EE8-488C-94BA-380CA7E4AD1F}.Release|Any CPU.ActiveCfg = Release|Any CPU
		{6686896E-5EE8-488C-94BA-380CA7E4AD1F}.Release|Any CPU.Build.0 = Release|Any CPU
	EndGlobalSection
	GlobalSection(SolutionProperties) = preSolution
		HideSolutionNode = FALSE
	EndGlobalSection
	GlobalSection(ExtensibilityGlobals) = postSolution
		SolutionGuid = {2414F394-AF36-4563-901B-7C2EE06740DF}
	EndGlobalSection
EndGlobal
